// !$*UTF8*$!
{
	archiveVersion = 1;
	classes = {
	};
	objectVersion = 50;
	objects = {

/* Begin PBXBuildFile section */
		F1622617269E1D1D0020FA72 /* AppDelegate.swift in Sources */ = {isa = PBXBuildFile; fileRef = F1622616269E1D1D0020FA72 /* AppDelegate.swift */; };
		F1622619269E1D1D0020FA72 /* SceneDelegate.swift in Sources */ = {isa = PBXBuildFile; fileRef = F1622618269E1D1D0020FA72 /* SceneDelegate.swift */; };
		F162261E269E1D1D0020FA72 /* ViewController.storyboard in Resources */ = {isa = PBXBuildFile; fileRef = F162261C269E1D1D0020FA72 /* ViewController.storyboard */; };
		F1622620269E1D1E0020FA72 /* Assets.xcassets in Resources */ = {isa = PBXBuildFile; fileRef = F162261F269E1D1E0020FA72 /* Assets.xcassets */; };
		F1622623269E1D1E0020FA72 /* LaunchScreen.storyboard in Resources */ = {isa = PBXBuildFile; fileRef = F1622621269E1D1E0020FA72 /* LaunchScreen.storyboard */; };
		F162262B269E1E260020FA72 /* ViewController.swift in Sources */ = {isa = PBXBuildFile; fileRef = F162262A269E1E260020FA72 /* ViewController.swift */; };
		F162262D269E1E310020FA72 /* ViewController2.swift in Sources */ = {isa = PBXBuildFile; fileRef = F162262C269E1E310020FA72 /* ViewController2.swift */; };
		F162262F269E1F600020FA72 /* ViewController2.storyboard in Resources */ = {isa = PBXBuildFile; fileRef = F162262E269E1F600020FA72 /* ViewController2.storyboard */; };
		F1622633269E22490020FA72 /* LaunchScreen.swift in Sources */ = {isa = PBXBuildFile; fileRef = F1622632269E22490020FA72 /* LaunchScreen.swift */; };
/* End PBXBuildFile section */

/* Begin PBXFileReference section */
		F1622613269E1D1D0020FA72 /* dz9pin.app */ = {isa = PBXFileReference; explicitFileType = wrapper.application; includeInIndex = 0; path = dz9pin.app; sourceTree = BUILT_PRODUCTS_DIR; };
		F1622616269E1D1D0020FA72 /* AppDelegate.swift */ = {isa = PBXFileReference; lastKnownFileType = sourcecode.swift; path = AppDelegate.swift; sourceTree = "<group>"; };
		F1622618269E1D1D0020FA72 /* SceneDelegate.swift */ = {isa = PBXFileReference; lastKnownFileType = sourcecode.swift; path = SceneDelegate.swift; sourceTree = "<group>"; };
		F162261D269E1D1D0020FA72 /* Base */ = {isa = PBXFileReference; lastKnownFileType = file.storyboard; name = Base; path = Base.lproj/ViewController.storyboard; sourceTree = "<group>"; };
		F162261F269E1D1E0020FA72 /* Assets.xcassets */ = {isa = PBXFileReference; lastKnownFileType = folder.assetcatalog; path = Assets.xcassets; sourceTree = "<group>"; };
		F1622622269E1D1E0020FA72 /* Base */ = {isa = PBXFileReference; lastKnownFileType = file.storyboard; name = Base; path = Base.lproj/LaunchScreen.storyboard; sourceTree = "<group>"; };
		F1622624269E1D1E0020FA72 /* Info.plist */ = {isa = PBXFileReference; lastKnownFileType = text.plist.xml; path = Info.plist; sourceTree = "<group>"; };
		F162262A269E1E260020FA72 /* ViewController.swift */ = {isa = PBXFileReference; lastKnownFileType = sourcecode.swift; path = ViewController.swift; sourceTree = "<group>"; };
		F162262C269E1E310020FA72 /* ViewController2.swift */ = {isa = PBXFileReference; lastKnownFileType = sourcecode.swift; path = ViewController2.swift; sourceTree = "<group>"; };
		F162262E269E1F600020FA72 /* ViewController2.storyboard */ = {isa = PBXFileReference; lastKnownFileType = file.storyboard; path = ViewController2.storyboard; sourceTree = "<group>"; };
		F1622632269E22490020FA72 /* LaunchScreen.swift */ = {isa = PBXFileReference; lastKnownFileType = sourcecode.swift; path = LaunchScreen.swift; sourceTree = "<group>"; };
/* End PBXFileReference section */

/* Begin PBXFrameworksBuildPhase section */
		F1622610269E1D1D0020FA72 /* Frameworks */ = {
			isa = PBXFrameworksBuildPhase;
			buildActionMask = 2147483647;
			files = (
			);
			runOnlyForDeploymentPostprocessing = 0;
		};
/* End PBXFrameworksBuildPhase section */

/* Begin PBXGroup section */
		F162260A269E1D1D0020FA72 = {
			isa = PBXGroup;
			children = (
				F1622615269E1D1D0020FA72 /* dz9pin */,
				F1622614269E1D1D0020FA72 /* Products */,
			);
			sourceTree = "<group>";
		};
		F1622614269E1D1D0020FA72 /* Products */ = {
			isa = PBXGroup;
			children = (
				F1622613269E1D1D0020FA72 /* dz9pin.app */,
			);
			name = Products;
			sourceTree = "<group>";
		};
		F1622615269E1D1D0020FA72 /* dz9pin */ = {
			isa = PBXGroup;
			children = (
				F1622616269E1D1D0020FA72 /* AppDelegate.swift */,
				F1622618269E1D1D0020FA72 /* SceneDelegate.swift */,
				F162261C269E1D1D0020FA72 /* ViewController.storyboard */,
				F162261F269E1D1E0020FA72 /* Assets.xcassets */,
				F1622621269E1D1E0020FA72 /* LaunchScreen.storyboard */,
				F1622624269E1D1E0020FA72 /* Info.plist */,
				F162262A269E1E260020FA72 /* ViewController.swift */,
				F162262C269E1E310020FA72 /* ViewController2.swift */,
				F162262E269E1F600020FA72 /* ViewController2.storyboard */,
				F1622632269E22490020FA72 /* LaunchScreen.swift */,
			);
			path = dz9pin;
			sourceTree = "<group>";
		};
/* End PBXGroup section */

/* Begin PBXNativeTarget section */
		F1622612269E1D1D0020FA72 /* dz9pin */ = {
			isa = PBXNativeTarget;
			buildConfigurationList = F1622627269E1D1E0020FA72 /* Build configuration list for PBXNativeTarget "dz9pin" */;
			buildPhases = (
				F162260F269E1D1D0020FA72 /* Sources */,
				F1622610269E1D1D0020FA72 /* Frameworks */,
				F1622611269E1D1D0020FA72 /* Resources */,
			);
			buildRules = (
			);
			dependencies = (
			);
			name = dz9pin;
			productName = dz9pin;
			productReference = F1622613269E1D1D0020FA72 /* dz9pin.app */;
			productType = "com.apple.product-type.application";
		};
/* End PBXNativeTarget section */

/* Begin PBXProject section */
		F162260B269E1D1D0020FA72 /* Project object */ = {
			isa = PBXProject;
			attributes = {
				LastSwiftUpdateCheck = 1250;
				LastUpgradeCheck = 1250;
				TargetAttributes = {
					F1622612269E1D1D0020FA72 = {
						CreatedOnToolsVersion = 12.5;
					};
				};
			};
			buildConfigurationList = F162260E269E1D1D0020FA72 /* Build configuration list for PBXProject "dz9pin" */;
			compatibilityVersion = "Xcode 9.3";
			developmentRegion = en;
			hasScannedForEncodings = 0;
			knownRegions = (
				en,
				Base,
			);
			mainGroup = F162260A269E1D1D0020FA72;
			productRefGroup = F1622614269E1D1D0020FA72 /* Products */;
			projectDirPath = "";
			projectRoot = "";
			targets = (
				F1622612269E1D1D0020FA72 /* dz9pin */,
			);
		};
/* End PBXProject section */

/* Begin PBXResourcesBuildPhase section */
		F1622611269E1D1D0020FA72 /* Resources */ = {
			isa = PBXResourcesBuildPhase;
			buildActionMask = 2147483647;
			files = (
				F1622623269E1D1E0020FA72 /* LaunchScreen.storyboard in Resources */,
				F1622620269E1D1E0020FA72 /* Assets.xcassets in Resources */,
				F162262F269E1F600020FA72 /* ViewController2.storyboard in Resources */,
				F162261E269E1D1D0020FA72 /* ViewController.storyboard in Resources */,
			);
			runOnlyForDeploymentPostprocessing = 0;
		};
/* End PBXResourcesBuildPhase section */

/* Begin PBXSourcesBuildPhase section */
		F162260F269E1D1D0020FA72 /* Sources */ = {
			isa = PBXSourcesBuildPhase;
			buildActionMask = 2147483647;
			files = (
				F162262B269E1E260020FA72 /* ViewController.swift in Sources */,
				F162262D269E1E310020FA72 /* ViewController2.swift in Sources */,
				F1622633269E22490020FA72 /* LaunchScreen.swift in Sources */,
				F1622617269E1D1D0020FA72 /* AppDelegate.swift in Sources */,
				F1622619269E1D1D0020FA72 /* SceneDelegate.swift in Sources */,
			);
			runOnlyForDeploymentPostprocessing = 0;
		};
/* End PBXSourcesBuildPhase section */

/* Begin PBXVariantGroup section */
		F162261C269E1D1D0020FA72 /* ViewController.storyboard */ = {
			isa = PBXVariantGroup;
			children = (
				F162261D269E1D1D0020FA72 /* Base */,
			);
			name = ViewController.storyboard;
			sourceTree = "<group>";
		};
		F1622621269E1D1E0020FA72 /* LaunchScreen.storyboard */ = {
			isa = PBXVariantGroup;
			children = (
				F1622622269E1D1E0020FA72 /* Base */,
			);
			name = LaunchScreen.storyboard;
			sourceTree = "<group>";
		};
/* End PBXVariantGroup section */

/* Begin XCBuildConfiguration section */
		F1622625269E1D1E0020FA72 /* Debug */ = {
			isa = XCBuildConfiguration;
			buildSettings = {
				ALWAYS_SEARCH_USER_PATHS = NO;
				CLANG_ANALYZER_NONNULL = YES;
				CLANG_ANALYZER_NUMBER_OBJECT_CONVERSION = YES_AGGRESSIVE;
				CLANG_CXX_LANGUAGE_STANDARD = "gnu++14";
				CLANG_CXX_LIBRARY = "libc++";
				CLANG_ENABLE_MODULES = YES;
				CLANG_ENABLE_OBJC_ARC = YES;
				CLANG_ENABLE_OBJC_WEAK = YES;
				CLANG_WARN_BLOCK_CAPTURE_AUTORELEASING = YES;
				CLANG_WARN_BOOL_CONVERSION = YES;
				CLANG_WARN_COMMA = YES;
				CLANG_WARN_CONSTANT_CONVERSION = YES;
				CLANG_WARN_DEPRECATED_OBJC_IMPLEMENTATIONS = YES;
				CLANG_WARN_DIRECT_OBJC_ISA_USAGE = YES_ERROR;
				CLANG_WARN_DOCUMENTATION_COMMENTS = YES;
				CLANG_WARN_EMPTY_BODY = YES;
				CLANG_WARN_ENUM_CONVERSION = YES;
				CLANG_WARN_INFINITE_RECURSION = YES;
				CLANG_WARN_INT_CONVERSION = YES;
				CLANG_WARN_NON_LITERAL_NULL_CONVERSION = YES;
				CLANG_WARN_OBJC_IMPLICIT_RETAIN_SELF = YES;
				CLANG_WARN_OBJC_LITERAL_CONVERSION = YES;
				CLANG_WARN_OBJC_ROOT_CLASS = YES_ERROR;
				CLANG_WARN_QUOTED_INCLUDE_IN_FRAMEWORK_HEADER = YES;
				CLANG_WARN_RANGE_LOOP_ANALYSIS = YES;
				CLANG_WARN_STRICT_PROTOTYPES = YES;
				CLANG_WARN_SUSPICIOUS_MOVE = YES;
				CLANG_WARN_UNGUARDED_AVAILABILITY = YES_AGGRESSIVE;
				CLANG_WARN_UNREACHABLE_CODE = YES;
				CLANG_WARN__DUPLICATE_METHOD_MATCH = YES;
				COPY_PHASE_STRIP = NO;
				DEBUG_INFORMATION_FORMAT = dwarf;
				ENABLE_STRICT_OBJC_MSGSEND = YES;
				ENABLE_TESTABILITY = YES;
				GCC_C_LANGUAGE_STANDARD = gnu11;
				GCC_DYNAMIC_NO_PIC = NO;
				GCC_NO_COMMON_BLOCKS = YES;
				GCC_OPTIMIZATION_LEVEL = 0;
				GCC_PREPROCESSOR_DEFINITIONS = (
					"DEBUG=1",
					"$(inherited)",
				);
				GCC_WARN_64_TO_32_BIT_CONVERSION = YES;
				GCC_WARN_ABOUT_RETURN_TYPE = YES_ERROR;
				GCC_WARN_UNDECLARED_SELECTOR = YES;
				GCC_WARN_UNINITIALIZED_AUTOS = YES_AGGRESSIVE;
				GCC_WARN_UNUSED_FUNCTION = YES;
				GCC_WARN_UNUSED_VARIABLE = YES;
				IPHONEOS_DEPLOYMENT_TARGET = 14.5;
				MTL_ENABLE_DEBUG_INFO = INCLUDE_SOURCE;
				MTL_FAST_MATH = YES;
				ONLY_ACTIVE_ARCH = YES;
				SDKROOT = iphoneos;
				SWIFT_ACTIVE_COMPILATION_CONDITIONS = DEBUG;
				SWIFT_OPTIMIZATION_LEVEL = "-Onone";
			};
			name = Debug;
		};
		F1622626269E1D1E0020FA72 /* Release */ = {
			isa = XCBuildConfiguration;
			buildSettings = {
				ALWAYS_SEARCH_USER_PATHS = NO;
				CLANG_ANALYZER_NONNULL = YES;
				CLANG_ANALYZER_NUMBER_OBJECT_CONVERSION = YES_AGGRESSIVE;
				CLANG_CXX_LANGUAGE_STANDARD = "gnu++14";
				CLANG_CXX_LIBRARY = "libc++";
				CLANG_ENABLE_MODULES = YES;
				CLANG_ENABLE_OBJC_ARC = YES;
				CLANG_ENABLE_OBJC_WEAK = YES;
				CLANG_WARN_BLOCK_CAPTURE_AUTORELEASING = YES;
				CLANG_WARN_BOOL_CONVERSION = YES;
				CLANG_WARN_COMMA = YES;
				CLANG_WARN_CONSTANT_CONVERSION = YES;
				CLANG_WARN_DEPRECATED_OBJC_IMPLEMENTATIONS = YES;
				CLANG_WARN_DIRECT_OBJC_ISA_USAGE = YES_ERROR;
				CLANG_WARN_DOCUMENTATION_COMMENTS = YES;
				CLANG_WARN_EMPTY_BODY = YES;
				CLANG_WARN_ENUM_CONVERSION = YES;
				CLANG_WARN_INFINITE_RECURSION = YES;
				CLANG_WARN_INT_CONVERSION = YES;
				CLANG_WARN_NON_LITERAL_NULL_CONVERSION = YES;
				CLANG_WARN_OBJC_IMPLICIT_RETAIN_SELF = YES;
				CLANG_WARN_OBJC_LITERAL_CONVERSION = YES;
				CLANG_WARN_OBJC_ROOT_CLASS = YES_ERROR;
				CLANG_WARN_QUOTED_INCLUDE_IN_FRAMEWORK_HEADER = YES;
				CLANG_WARN_RANGE_LOOP_ANALYSIS = YES;
				CLANG_WARN_STRICT_PROTOTYPES = YES;
				CLANG_WARN_SUSPICIOUS_MOVE = YES;
				CLANG_WARN_UNGUARDED_AVAILABILITY = YES_AGGRESSIVE;
				CLANG_WARN_UNREACHABLE_CODE = YES;
				CLANG_WARN__DUPLICATE_METHOD_MATCH = YES;
				COPY_PHASE_STRIP = NO;
				DEBUG_INFORMATION_FORMAT = "dwarf-with-dsym";
				ENABLE_NS_ASSERTIONS = NO;
				ENABLE_STRICT_OBJC_MSGSEND = YES;
				GCC_C_LANGUAGE_STANDARD = gnu11;
				GCC_NO_COMMON_BLOCKS = YES;
				GCC_WARN_64_TO_32_BIT_CONVERSION = YES;
				GCC_WARN_ABOUT_RETURN_TYPE = YES_ERROR;
				GCC_WARN_UNDECLARED_SELECTOR = YES;
				GCC_WARN_UNINITIALIZED_AUTOS = YES_AGGRESSIVE;
				GCC_WARN_UNUSED_FUNCTION = YES;
				GCC_WARN_UNUSED_VARIABLE = YES;
				IPHONEOS_DEPLOYMENT_TARGET = 14.5;
				MTL_ENABLE_DEBUG_INFO = NO;
				MTL_FAST_MATH = YES;
				SDKROOT = iphoneos;
				SWIFT_COMPILATION_MODE = wholemodule;
				SWIFT_OPTIMIZATION_LEVEL = "-O";
				VALIDATE_PRODUCT = YES;
			};
			name = Release;
		};
		F1622628269E1D1E0020FA72 /* Debug */ = {
			isa = XCBuildConfiguration;
			buildSettings = {
				ASSETCATALOG_COMPILER_APPICON_NAME = AppIcon;
				ASSETCATALOG_COMPILER_GLOBAL_ACCENT_COLOR_NAME = AccentColor;
				CODE_SIGN_STYLE = Automatic;
				DEVELOPMENT_TEAM = XH4QM29G34;
				INFOPLIST_FILE = dz9pin/Info.plist;
				LD_RUNPATH_SEARCH_PATHS = (
					"$(inherited)",
					"@executable_path/Frameworks",
				);
				PRODUCT_BUNDLE_IDENTIFIER = com.yourcompany.tms.dz9pin;
				PRODUCT_NAME = "$(TARGET_NAME)";
				SWIFT_VERSION = 5.0;
				TARGETED_DEVICE_FAMILY = "1,2";
			};
			name = Debug;
		};
		F1622629269E1D1E0020FA72 /* Release */ = {
			isa = XCBuildConfiguration;
			buildSettings = {
				ASSETCATALOG_COMPILER_APPICON_NAME = AppIcon;
				ASSETCATALOG_COMPILER_GLOBAL_ACCENT_COLOR_NAME = AccentColor;
				CODE_SIGN_STYLE = Automatic;
				DEVELOPMENT_TEAM = XH4QM29G34;
				INFOPLIST_FILE = dz9pin/Info.plist;
				LD_RUNPATH_SEARCH_PATHS = (
					"$(inherited)",
					"@executable_path/Frameworks",
				);
				PRODUCT_BUNDLE_IDENTIFIER = com.yourcompany.tms.dz9pin;
				PRODUCT_NAME = "$(TARGET_NAME)";
				SWIFT_VERSION = 5.0;
				TARGETED_DEVICE_FAMILY = "1,2";
			};
			name = Release;
		};
/* End XCBuildConfiguration section */

/* Begin XCConfigurationList section */
		F162260E269E1D1D0020FA72 /* Build configuration list for PBXProject "dz9pin" */ = {
			isa = XCConfigurationList;
			buildConfigurations = (
				F1622625269E1D1E0020FA72 /* Debug */,
				F1622626269E1D1E0020FA72 /* Release */,
			);
			defaultConfigurationIsVisible = 0;
			defaultConfigurationName = Release;
		};
		F1622627269E1D1E0020FA72 /* Build configuration list for PBXNativeTarget "dz9pin" */ = {
			isa = XCConfigurationList;
			buildConfigurations = (
				F1622628269E1D1E0020FA72 /* Debug */,
				F1622629269E1D1E0020FA72 /* Release */,
			);
			defaultConfigurationIsVisible = 0;
			defaultConfigurationName = Release;
		};
/* End XCConfigurationList section */
	};
	rootObject = F162260B269E1D1D0020FA72 /* Project object */;
}
