// !$*UTF8*$!
{
	archiveVersion = 1;
	classes = {
	};
	objectVersion = 50;
	objects = {

/* Begin PBXBuildFile section */
		F114478126E918680026E976 /* AppDelegate.swift in Sources */ = {isa = PBXBuildFile; fileRef = F114478026E918680026E976 /* AppDelegate.swift */; };
		F114478326E918680026E976 /* SceneDelegate.swift in Sources */ = {isa = PBXBuildFile; fileRef = F114478226E918680026E976 /* SceneDelegate.swift */; };
		F114478526E918680026E976 /* ViewController.swift in Sources */ = {isa = PBXBuildFile; fileRef = F114478426E918680026E976 /* ViewController.swift */; };
		F114478826E918680026E976 /* Main.storyboard in Resources */ = {isa = PBXBuildFile; fileRef = F114478626E918680026E976 /* Main.storyboard */; };
		F114478A26E9186A0026E976 /* Assets.xcassets in Resources */ = {isa = PBXBuildFile; fileRef = F114478926E9186A0026E976 /* Assets.xcassets */; };
		F114478D26E9186A0026E976 /* LaunchScreen.storyboard in Resources */ = {isa = PBXBuildFile; fileRef = F114478B26E9186A0026E976 /* LaunchScreen.storyboard */; };
		F137BC0A271F39CD00BB52E4 /* Weather.swift in Sources */ = {isa = PBXBuildFile; fileRef = F137BC09271F39CD00BB52E4 /* Weather.swift */; };
		F1A792E727208EE0002A94A3 /* WeatherDescription.swift in Sources */ = {isa = PBXBuildFile; fileRef = F1A792E627208EE0002A94A3 /* WeatherDescription.swift */; };
/* End PBXBuildFile section */

/* Begin PBXFileReference section */
		F114477D26E918680026E976 /* projectAPI.app */ = {isa = PBXFileReference; explicitFileType = wrapper.application; includeInIndex = 0; path = projectAPI.app; sourceTree = BUILT_PRODUCTS_DIR; };
		F114478026E918680026E976 /* AppDelegate.swift */ = {isa = PBXFileReference; lastKnownFileType = sourcecode.swift; path = AppDelegate.swift; sourceTree = "<group>"; };
		F114478226E918680026E976 /* SceneDelegate.swift */ = {isa = PBXFileReference; lastKnownFileType = sourcecode.swift; path = SceneDelegate.swift; sourceTree = "<group>"; };
		F114478426E918680026E976 /* ViewController.swift */ = {isa = PBXFileReference; lastKnownFileType = sourcecode.swift; path = ViewController.swift; sourceTree = "<group>"; };
		F114478726E918680026E976 /* Base */ = {isa = PBXFileReference; lastKnownFileType = file.storyboard; name = Base; path = Base.lproj/Main.storyboard; sourceTree = "<group>"; };
		F114478926E9186A0026E976 /* Assets.xcassets */ = {isa = PBXFileReference; lastKnownFileType = folder.assetcatalog; path = Assets.xcassets; sourceTree = "<group>"; };
		F114478C26E9186A0026E976 /* Base */ = {isa = PBXFileReference; lastKnownFileType = file.storyboard; name = Base; path = Base.lproj/LaunchScreen.storyboard; sourceTree = "<group>"; };
		F114478E26E9186A0026E976 /* Info.plist */ = {isa = PBXFileReference; lastKnownFileType = text.plist.xml; path = Info.plist; sourceTree = "<group>"; };
		F137BC09271F39CD00BB52E4 /* Weather.swift */ = {isa = PBXFileReference; lastKnownFileType = sourcecode.swift; path = Weather.swift; sourceTree = "<group>"; };
		F1A792E627208EE0002A94A3 /* WeatherDescription.swift */ = {isa = PBXFileReference; lastKnownFileType = sourcecode.swift; path = WeatherDescription.swift; sourceTree = "<group>"; };
/* End PBXFileReference section */

/* Begin PBXFrameworksBuildPhase section */
		F114477A26E918680026E976 /* Frameworks */ = {
			isa = PBXFrameworksBuildPhase;
			buildActionMask = 2147483647;
			files = (
			);
			runOnlyForDeploymentPostprocessing = 0;
		};
/* End PBXFrameworksBuildPhase section */

/* Begin PBXGroup section */
		F114477426E918680026E976 = {
			isa = PBXGroup;
			children = (
				F114477F26E918680026E976 /* projectAPI */,
				F114477E26E918680026E976 /* Products */,
			);
			sourceTree = "<group>";
		};
		F114477E26E918680026E976 /* Products */ = {
			isa = PBXGroup;
			children = (
				F114477D26E918680026E976 /* projectAPI.app */,
			);
			name = Products;
			sourceTree = "<group>";
		};
		F114477F26E918680026E976 /* projectAPI */ = {
			isa = PBXGroup;
			children = (
				F137BC08271F397C00BB52E4 /* Models */,
				F114478026E918680026E976 /* AppDelegate.swift */,
				F114478226E918680026E976 /* SceneDelegate.swift */,
				F114478426E918680026E976 /* ViewController.swift */,
				F114478626E918680026E976 /* Main.storyboard */,
				F114478926E9186A0026E976 /* Assets.xcassets */,
				F114478B26E9186A0026E976 /* LaunchScreen.storyboard */,
				F114478E26E9186A0026E976 /* Info.plist */,
			);
			path = projectAPI;
			sourceTree = "<group>";
		};
		F137BC08271F397C00BB52E4 /* Models */ = {
			isa = PBXGroup;
			children = (
				F137BC09271F39CD00BB52E4 /* Weather.swift */,
				F1A792E627208EE0002A94A3 /* WeatherDescription.swift */,
			);
			path = Models;
			sourceTree = "<group>";
		};
/* End PBXGroup section */

/* Begin PBXNativeTarget section */
		F114477C26E918680026E976 /* projectAPI */ = {
			isa = PBXNativeTarget;
			buildConfigurationList = F114479126E9186A0026E976 /* Build configuration list for PBXNativeTarget "projectAPI" */;
			buildPhases = (
				F114477926E918680026E976 /* Sources */,
				F114477A26E918680026E976 /* Frameworks */,
				F114477B26E918680026E976 /* Resources */,
			);
			buildRules = (
			);
			dependencies = (
			);
			name = projectAPI;
			productName = projectAPI;
			productReference = F114477D26E918680026E976 /* projectAPI.app */;
			productType = "com.apple.product-type.application";
		};
/* End PBXNativeTarget section */

/* Begin PBXProject section */
		F114477526E918680026E976 /* Project object */ = {
			isa = PBXProject;
			attributes = {
				LastSwiftUpdateCheck = 1250;
				LastUpgradeCheck = 1250;
				TargetAttributes = {
					F114477C26E918680026E976 = {
						CreatedOnToolsVersion = 12.5;
					};
				};
			};
			buildConfigurationList = F114477826E918680026E976 /* Build configuration list for PBXProject "projectAPI" */;
			compatibilityVersion = "Xcode 9.3";
			developmentRegion = en;
			hasScannedForEncodings = 0;
			knownRegions = (
				en,
				Base,
			);
			mainGroup = F114477426E918680026E976;
			productRefGroup = F114477E26E918680026E976 /* Products */;
			projectDirPath = "";
			projectRoot = "";
			targets = (
				F114477C26E918680026E976 /* projectAPI */,
			);
		};
/* End PBXProject section */

/* Begin PBXResourcesBuildPhase section */
		F114477B26E918680026E976 /* Resources */ = {
			isa = PBXResourcesBuildPhase;
			buildActionMask = 2147483647;
			files = (
				F114478D26E9186A0026E976 /* LaunchScreen.storyboard in Resources */,
				F114478A26E9186A0026E976 /* Assets.xcassets in Resources */,
				F114478826E918680026E976 /* Main.storyboard in Resources */,
			);
			runOnlyForDeploymentPostprocessing = 0;
		};
/* End PBXResourcesBuildPhase section */

/* Begin PBXSourcesBuildPhase section */
		F114477926E918680026E976 /* Sources */ = {
			isa = PBXSourcesBuildPhase;
			buildActionMask = 2147483647;
			files = (
				F137BC0A271F39CD00BB52E4 /* Weather.swift in Sources */,
				F1A792E727208EE0002A94A3 /* WeatherDescription.swift in Sources */,
				F114478526E918680026E976 /* ViewController.swift in Sources */,
				F114478126E918680026E976 /* AppDelegate.swift in Sources */,
				F114478326E918680026E976 /* SceneDelegate.swift in Sources */,
			);
			runOnlyForDeploymentPostprocessing = 0;
		};
/* End PBXSourcesBuildPhase section */

/* Begin PBXVariantGroup section */
		F114478626E918680026E976 /* Main.storyboard */ = {
			isa = PBXVariantGroup;
			children = (
				F114478726E918680026E976 /* Base */,
			);
			name = Main.storyboard;
			sourceTree = "<group>";
		};
		F114478B26E9186A0026E976 /* LaunchScreen.storyboard */ = {
			isa = PBXVariantGroup;
			children = (
				F114478C26E9186A0026E976 /* Base */,
			);
			name = LaunchScreen.storyboard;
			sourceTree = "<group>";
		};
/* End PBXVariantGroup section */

/* Begin XCBuildConfiguration section */
		F114478F26E9186A0026E976 /* Debug */ = {
			isa = XCBuildConfiguration;
			buildSettings = {
				ALWAYS_SEARCH_USER_PATHS = NO;
				CLANG_ANALYZER_NONNULL = YES;
				CLANG_ANALYZER_NUMBER_OBJECT_CONVERSION = YES_AGGRESSIVE;
				CLANG_CXX_LANGUAGE_STANDARD = "gnu++14";
				CLANG_CXX_LIBRARY = "libc++";
				CLANG_ENABLE_MODULES = YES;
				CLANG_ENABLE_OBJC_ARC = YES;
				CLANG_ENABLE_OBJC_WEAK = YES;
				CLANG_WARN_BLOCK_CAPTURE_AUTORELEASING = YES;
				CLANG_WARN_BOOL_CONVERSION = YES;
				CLANG_WARN_COMMA = YES;
				CLANG_WARN_CONSTANT_CONVERSION = YES;
				CLANG_WARN_DEPRECATED_OBJC_IMPLEMENTATIONS = YES;
				CLANG_WARN_DIRECT_OBJC_ISA_USAGE = YES_ERROR;
				CLANG_WARN_DOCUMENTATION_COMMENTS = YES;
				CLANG_WARN_EMPTY_BODY = YES;
				CLANG_WARN_ENUM_CONVERSION = YES;
				CLANG_WARN_INFINITE_RECURSION = YES;
				CLANG_WARN_INT_CONVERSION = YES;
				CLANG_WARN_NON_LITERAL_NULL_CONVERSION = YES;
				CLANG_WARN_OBJC_IMPLICIT_RETAIN_SELF = YES;
				CLANG_WARN_OBJC_LITERAL_CONVERSION = YES;
				CLANG_WARN_OBJC_ROOT_CLASS = YES_ERROR;
				CLANG_WARN_QUOTED_INCLUDE_IN_FRAMEWORK_HEADER = YES;
				CLANG_WARN_RANGE_LOOP_ANALYSIS = YES;
				CLANG_WARN_STRICT_PROTOTYPES = YES;
				CLANG_WARN_SUSPICIOUS_MOVE = YES;
				CLANG_WARN_UNGUARDED_AVAILABILITY = YES_AGGRESSIVE;
				CLANG_WARN_UNREACHABLE_CODE = YES;
				CLANG_WARN__DUPLICATE_METHOD_MATCH = YES;
				COPY_PHASE_STRIP = NO;
				DEBUG_INFORMATION_FORMAT = dwarf;
				ENABLE_STRICT_OBJC_MSGSEND = YES;
				ENABLE_TESTABILITY = YES;
				GCC_C_LANGUAGE_STANDARD = gnu11;
				GCC_DYNAMIC_NO_PIC = NO;
				GCC_NO_COMMON_BLOCKS = YES;
				GCC_OPTIMIZATION_LEVEL = 0;
				GCC_PREPROCESSOR_DEFINITIONS = (
					"DEBUG=1",
					"$(inherited)",
				);
				GCC_WARN_64_TO_32_BIT_CONVERSION = YES;
				GCC_WARN_ABOUT_RETURN_TYPE = YES_ERROR;
				GCC_WARN_UNDECLARED_SELECTOR = YES;
				GCC_WARN_UNINITIALIZED_AUTOS = YES_AGGRESSIVE;
				GCC_WARN_UNUSED_FUNCTION = YES;
				GCC_WARN_UNUSED_VARIABLE = YES;
				IPHONEOS_DEPLOYMENT_TARGET = 14.5;
				MTL_ENABLE_DEBUG_INFO = INCLUDE_SOURCE;
				MTL_FAST_MATH = YES;
				ONLY_ACTIVE_ARCH = YES;
				SDKROOT = iphoneos;
				SWIFT_ACTIVE_COMPILATION_CONDITIONS = DEBUG;
				SWIFT_OPTIMIZATION_LEVEL = "-Onone";
			};
			name = Debug;
		};
		F114479026E9186A0026E976 /* Release */ = {
			isa = XCBuildConfiguration;
			buildSettings = {
				ALWAYS_SEARCH_USER_PATHS = NO;
				CLANG_ANALYZER_NONNULL = YES;
				CLANG_ANALYZER_NUMBER_OBJECT_CONVERSION = YES_AGGRESSIVE;
				CLANG_CXX_LANGUAGE_STANDARD = "gnu++14";
				CLANG_CXX_LIBRARY = "libc++";
				CLANG_ENABLE_MODULES = YES;
				CLANG_ENABLE_OBJC_ARC = YES;
				CLANG_ENABLE_OBJC_WEAK = YES;
				CLANG_WARN_BLOCK_CAPTURE_AUTORELEASING = YES;
				CLANG_WARN_BOOL_CONVERSION = YES;
				CLANG_WARN_COMMA = YES;
				CLANG_WARN_CONSTANT_CONVERSION = YES;
				CLANG_WARN_DEPRECATED_OBJC_IMPLEMENTATIONS = YES;
				CLANG_WARN_DIRECT_OBJC_ISA_USAGE = YES_ERROR;
				CLANG_WARN_DOCUMENTATION_COMMENTS = YES;
				CLANG_WARN_EMPTY_BODY = YES;
				CLANG_WARN_ENUM_CONVERSION = YES;
				CLANG_WARN_INFINITE_RECURSION = YES;
				CLANG_WARN_INT_CONVERSION = YES;
				CLANG_WARN_NON_LITERAL_NULL_CONVERSION = YES;
				CLANG_WARN_OBJC_IMPLICIT_RETAIN_SELF = YES;
				CLANG_WARN_OBJC_LITERAL_CONVERSION = YES;
				CLANG_WARN_OBJC_ROOT_CLASS = YES_ERROR;
				CLANG_WARN_QUOTED_INCLUDE_IN_FRAMEWORK_HEADER = YES;
				CLANG_WARN_RANGE_LOOP_ANALYSIS = YES;
				CLANG_WARN_STRICT_PROTOTYPES = YES;
				CLANG_WARN_SUSPICIOUS_MOVE = YES;
				CLANG_WARN_UNGUARDED_AVAILABILITY = YES_AGGRESSIVE;
				CLANG_WARN_UNREACHABLE_CODE = YES;
				CLANG_WARN__DUPLICATE_METHOD_MATCH = YES;
				COPY_PHASE_STRIP = NO;
				DEBUG_INFORMATION_FORMAT = "dwarf-with-dsym";
				ENABLE_NS_ASSERTIONS = NO;
				ENABLE_STRICT_OBJC_MSGSEND = YES;
				GCC_C_LANGUAGE_STANDARD = gnu11;
				GCC_NO_COMMON_BLOCKS = YES;
				GCC_WARN_64_TO_32_BIT_CONVERSION = YES;
				GCC_WARN_ABOUT_RETURN_TYPE = YES_ERROR;
				GCC_WARN_UNDECLARED_SELECTOR = YES;
				GCC_WARN_UNINITIALIZED_AUTOS = YES_AGGRESSIVE;
				GCC_WARN_UNUSED_FUNCTION = YES;
				GCC_WARN_UNUSED_VARIABLE = YES;
				IPHONEOS_DEPLOYMENT_TARGET = 14.5;
				MTL_ENABLE_DEBUG_INFO = NO;
				MTL_FAST_MATH = YES;
				SDKROOT = iphoneos;
				SWIFT_COMPILATION_MODE = wholemodule;
				SWIFT_OPTIMIZATION_LEVEL = "-O";
				VALIDATE_PRODUCT = YES;
			};
			name = Release;
		};
		F114479226E9186A0026E976 /* Debug */ = {
			isa = XCBuildConfiguration;
			buildSettings = {
				ASSETCATALOG_COMPILER_APPICON_NAME = AppIcon;
				ASSETCATALOG_COMPILER_GLOBAL_ACCENT_COLOR_NAME = AccentColor;
				CODE_SIGN_STYLE = Automatic;
				DEVELOPMENT_TEAM = XH4QM29G34;
				INFOPLIST_FILE = projectAPI/Info.plist;
				LD_RUNPATH_SEARCH_PATHS = (
					"$(inherited)",
					"@executable_path/Frameworks",
				);
				PRODUCT_BUNDLE_IDENTIFIER = com.yourcompany.tms.projectAPI;
				PRODUCT_NAME = "$(TARGET_NAME)";
				SWIFT_VERSION = 5.0;
				TARGETED_DEVICE_FAMILY = "1,2";
			};
			name = Debug;
		};
		F114479326E9186A0026E976 /* Release */ = {
			isa = XCBuildConfiguration;
			buildSettings = {
				ASSETCATALOG_COMPILER_APPICON_NAME = AppIcon;
				ASSETCATALOG_COMPILER_GLOBAL_ACCENT_COLOR_NAME = AccentColor;
				CODE_SIGN_STYLE = Automatic;
				DEVELOPMENT_TEAM = XH4QM29G34;
				INFOPLIST_FILE = projectAPI/Info.plist;
				LD_RUNPATH_SEARCH_PATHS = (
					"$(inherited)",
					"@executable_path/Frameworks",
				);
				PRODUCT_BUNDLE_IDENTIFIER = com.yourcompany.tms.projectAPI;
				PRODUCT_NAME = "$(TARGET_NAME)";
				SWIFT_VERSION = 5.0;
				TARGETED_DEVICE_FAMILY = "1,2";
			};
			name = Release;
		};
/* End XCBuildConfiguration section */

/* Begin XCConfigurationList section */
		F114477826E918680026E976 /* Build configuration list for PBXProject "projectAPI" */ = {
			isa = XCConfigurationList;
			buildConfigurations = (
				F114478F26E9186A0026E976 /* Debug */,
				F114479026E9186A0026E976 /* Release */,
			);
			defaultConfigurationIsVisible = 0;
			defaultConfigurationName = Release;
		};
		F114479126E9186A0026E976 /* Build configuration list for PBXNativeTarget "projectAPI" */ = {
			isa = XCConfigurationList;
			buildConfigurations = (
				F114479226E9186A0026E976 /* Debug */,
				F114479326E9186A0026E976 /* Release */,
			);
			defaultConfigurationIsVisible = 0;
			defaultConfigurationName = Release;
		};
/* End XCConfigurationList section */
	};
	rootObject = F114477526E918680026E976 /* Project object */;
}
